<?xml version="1.0" encoding="utf-8"?>
<Project ToolsVersion="4.0" xmlns="http://schemas.microsoft.com/developer/msbuild/2003">
  <ItemGroup>
    <Filter Include="Source Files">
      <UniqueIdentifier>{4FC737F1-C7A5-4376-A066-2A32D752A2FF}</UniqueIdentifier>
      <Extensions>cpp;c;cc;cxx;def;odl;idl;hpj;bat;asm;asmx</Extensions>
    </Filter>
    <Filter Include="Header Files">
      <UniqueIdentifier>{93995380-89BD-4b04-88EB-625FBE52EBFB}</UniqueIdentifier>
      <Extensions>h;hpp;hxx;hm;inl;inc;xsd</Extensions>
    </Filter>
    <Filter Include="Resource Files">
      <UniqueIdentifier>{67DA6AB6-F800-4c08-8B7A-83BB121AAD01}</UniqueIdentifier>
      <Extensions>rc;ico;cur;bmp;dlg;rc2;rct;bin;rgs;gif;jpg;jpeg;jpe;resx;tiff;tif;png;wav</Extensions>
    </Filter>
  </ItemGroup>
  <ItemGroup>
    <ClCompile Include="CropWarp.cpp">
      <Filter>Source Files</Filter>
    </ClCompile>
    <ClCompile Include="EyeDetectAndMatchServer.cpp">
      <Filter>Source Files</Filter>
    </ClCompile>
    <ClCompile Include="EyeDetection.cpp">
      <Filter>Source Files</Filter>
    </ClCompile>
    <ClCompile Include="EyeDetectorServer.cpp">
      <Filter>Source Files</Filter>
    </ClCompile>
    <ClCompile Include="HMatrix.cpp">
      <Filter>Source Files</Filter>
    </ClCompile>
    <ClCompile Include="HModels.cpp">
      <Filter>Source Files</Filter>
    </ClCompile>
    <ClCompile Include="HPoint.cpp">
      <Filter>Source Files</Filter>
    </ClCompile>
    <ClCompile Include="HRect.cpp">
      <Filter>Source Files</Filter>
    </ClCompile>
    <ClCompile Include="HUtilities.cpp">
      <Filter>Source Files</Filter>
    </ClCompile>
    <ClCompile Include="Image.cpp">
      <Filter>Source Files</Filter>
    </ClCompile>
    <ClCompile Include="pyramid.cpp">
      <Filter>Source Files</Filter>
    </ClCompile>
    <ClCompile Include="SimpleClassifier.cpp">
      <Filter>Source Files</Filter>
    </ClCompile>
    <ClCompile Include="TrainingSet.cpp">
      <Filter>Source Files</Filter>
    </ClCompile>
    <ClCompile Include="VideoFrame.cpp">
      <Filter>Source Files</Filter>
    </ClCompile>
  </ItemGroup>
  <ItemGroup>
    <ClInclude Include="CropWarp.h">
      <Filter>Header Files</Filter>
    </ClInclude>
    <ClInclude Include="CvInterfaceDefs.h">
      <Filter>Header Files</Filter>
    </ClInclude>
    <ClInclude Include="EyeCenterPoint.h">
      <Filter>Header Files</Filter>
    </ClInclude>
    <ClInclude Include="EyeDetectAndMatchServer.h">
      <Filter>Header Files</Filter>
    </ClInclude>
    <ClInclude Include="EyeDetection.h">
      <Filter>Header Files</Filter>
    </ClInclude>
    <ClInclude Include="EyeDetectorServer.h">
      <Filter>Header Files</Filter>
    </ClInclude>
    <ClInclude Include="HBox.h">
      <Filter>Header Files</Filter>
    </ClInclude>
    <ClInclude Include="HMatrix.h">
      <Filter>Header Files</Filter>
    </ClInclude>
    <ClInclude Include="HModels.h">
      <Filter>Header Files</Filter>
    </ClInclude>
    <ClInclude Include="HPoint.h">
      <Filter>Header Files</Filter>
    </ClInclude>
    <ClInclude Include="HRect.h">
      <Filter>Header Files</Filter>
    </ClInclude>
    <ClInclude Include="HUtilities.h">
      <Filter>Header Files</Filter>
    </ClInclude>
    <ClInclude Include="Image.h">
      <Filter>Header Files</Filter>
    </ClInclude>
    <ClInclude Include="pyramid.h">
      <Filter>Header Files</Filter>
    </ClInclude>
    <ClInclude Include="SimpleClassifier.h">
      <Filter>Header Files</Filter>
    </ClInclude>
    <ClInclude Include="trainingset.h">
      <Filter>Header Files</Filter>
    </ClInclude>
    <ClInclude Include="videoframe.h">
      <Filter>Header Files</Filter>
    </ClInclude>
  </ItemGroup>
</Project>