
Microsoft Visual Studio Solution File, Format Version 11.00
# Visual Studio 2010
Project("{8BC9CEB8-8B4A-11D0-8D11-00A0C91BC942}") = "EyeSegmentationApp", "EyeSegmentationApp\EyeSegmentationApp.vcxproj", "{E579BCB0-2689-44B9-8E3F-F04C7067726F}"
EndProject
Project("{8BC9CEB8-8B4A-11D0-8D11-00A0C91BC942}") = "EyeSegmentationLib", "..\EyeSegmentationLib\EyeSegmentationLib\EyeSegmentationLib.vcxproj", "{9DB10773-59F1-4402-B2B6-829F581D3BAC}"
EndProject
Project("{8BC9CEB8-8B4A-11D0-8D11-00A0C91BC942}") = "EdgeImage", "..\EdgeImage\EdgeImage\EdgeImage.vcxproj", "{746CA2F9-D042-4070-9AEF-2A00ED9E9453}"
EndProject
Project("{8BC9CEB8-8B4A-11D0-8D11-00A0C91BC942}") = "Glass_Detection", "..\Glass_Detection\Glass_Detection.vcxproj", "{6947578F-DB4F-4977-A6FC-6622EE13A052}"
EndProject
Project("{8BC9CEB8-8B4A-11D0-8D11-00A0C91BC942}") = "EyeDetection", "..\EyeDetection\EyeDetection.vcxproj", "{5FE7C8EB-C765-4B99-8310-909269EFC260}"
EndProject
Global
	GlobalSection(SolutionConfigurationPlatforms) = preSolution
		Debug|Win32 = Debug|Win32
		Release|Win32 = Release|Win32
		UnitTest|Win32 = UnitTest|Win32
	EndGlobalSection
	GlobalSection(ProjectConfigurationPlatforms) = postSolution
		{E579BCB0-2689-44B9-8E3F-F04C7067726F}.Debug|Win32.ActiveCfg = Debug|Win32
		{E579BCB0-2689-44B9-8E3F-F04C7067726F}.Debug|Win32.Build.0 = Debug|Win32
		{E579BCB0-2689-44B9-8E3F-F04C7067726F}.Release|Win32.ActiveCfg = Release|Win32
		{E579BCB0-2689-44B9-8E3F-F04C7067726F}.Release|Win32.Build.0 = Release|Win32
		{E579BCB0-2689-44B9-8E3F-F04C7067726F}.UnitTest|Win32.ActiveCfg = Release|Win32
		{E579BCB0-2689-44B9-8E3F-F04C7067726F}.UnitTest|Win32.Build.0 = Release|Win32
		{9DB10773-59F1-4402-B2B6-829F581D3BAC}.Debug|Win32.ActiveCfg = Debug|Win32
		{9DB10773-59F1-4402-B2B6-829F581D3BAC}.Debug|Win32.Build.0 = Debug|Win32
		{9DB10773-59F1-4402-B2B6-829F581D3BAC}.Release|Win32.ActiveCfg = Release|Win32
		{9DB10773-59F1-4402-B2B6-829F581D3BAC}.Release|Win32.Build.0 = Release|Win32
		{9DB10773-59F1-4402-B2B6-829F581D3BAC}.UnitTest|Win32.ActiveCfg = Release|Win32
		{9DB10773-59F1-4402-B2B6-829F581D3BAC}.UnitTest|Win32.Build.0 = Release|Win32
		{746CA2F9-D042-4070-9AEF-2A00ED9E9453}.Debug|Win32.ActiveCfg = Debug|Win32
		{746CA2F9-D042-4070-9AEF-2A00ED9E9453}.Debug|Win32.Build.0 = Debug|Win32
		{746CA2F9-D042-4070-9AEF-2A00ED9E9453}.Release|Win32.ActiveCfg = Release|Win32
		{746CA2F9-D042-4070-9AEF-2A00ED9E9453}.Release|Win32.Build.0 = Release|Win32
		{746CA2F9-D042-4070-9AEF-2A00ED9E9453}.UnitTest|Win32.ActiveCfg = Release|Win32
		{746CA2F9-D042-4070-9AEF-2A00ED9E9453}.UnitTest|Win32.Build.0 = Release|Win32
		{6947578F-DB4F-4977-A6FC-6622EE13A052}.Debug|Win32.ActiveCfg = Debug|Win32
		{6947578F-DB4F-4977-A6FC-6622EE13A052}.Debug|Win32.Build.0 = Debug|Win32
		{6947578F-DB4F-4977-A6FC-6622EE13A052}.Release|Win32.ActiveCfg = Release|Win32
		{6947578F-DB4F-4977-A6FC-6622EE13A052}.Release|Win32.Build.0 = Release|Win32
		{6947578F-DB4F-4977-A6FC-6622EE13A052}.UnitTest|Win32.ActiveCfg = Release|Win32
		{6947578F-DB4F-4977-A6FC-6622EE13A052}.UnitTest|Win32.Build.0 = Release|Win32
		{5FE7C8EB-C765-4B99-8310-909269EFC260}.Debug|Win32.ActiveCfg = Debug|Win32
		{5FE7C8EB-C765-4B99-8310-909269EFC260}.Debug|Win32.Build.0 = Debug|Win32
		{5FE7C8EB-C765-4B99-8310-909269EFC260}.Release|Win32.ActiveCfg = Release|Win32
		{5FE7C8EB-C765-4B99-8310-909269EFC260}.Release|Win32.Build.0 = Release|Win32
		{5FE7C8EB-C765-4B99-8310-909269EFC260}.UnitTest|Win32.ActiveCfg = UnitTest|Win32
		{5FE7C8EB-C765-4B99-8310-909269EFC260}.UnitTest|Win32.Build.0 = UnitTest|Win32
	EndGlobalSection
	GlobalSection(SolutionProperties) = preSolution
		HideSolutionNode = FALSE
	EndGlobalSection
EndGlobal
